
Microsoft Visual Studio Solution File, Format Version 12.00
Project("{FAE04EC0-301F-11D3-BF4B-00C04F79EFBC}") = "UrlShortener", "UrlShortener.csproj", "{D1CF54D7-C38E-4B5D-AAE9-DB07CF5AC2FC}"
EndProject
Global
	GlobalSection(SolutionConfigurationPlatforms) = preSolution
		Debug|Any CPU = Debug|Any CPU
		Release|Any CPU = Release|Any CPU
	EndGlobalSection
	GlobalSection(ProjectConfigurationPlatforms) = postSolution
		{D1CF54D7-C38E-4B5D-AAE9-DB07CF5AC2FC}.Debug|Any CPU.ActiveCfg = Debug|Any CPU
		{D1CF54D7-C38E-4B5D-AAE9-DB07CF5AC2FC}.Debug|Any CPU.Build.0 = Debug|Any CPU
		{D1CF54D7-C38E-4B5D-AAE9-DB07CF5AC2FC}.Release|Any CPU.ActiveCfg = Release|Any CPU
		{D1CF54D7-C38E-4B5D-AAE9-DB07CF5AC2FC}.Release|Any CPU.Build.0 = Release|Any CPU
	EndGlobalSection
EndGlobal
